// !$*UTF8*$!
{
	archiveVersion = 1;
	classes = {
	};
	objectVersion = 110;
	objects = {

/* Begin PBXBuildFile section */
		D3C1A500000000000000000E /* DeclutterWidgetExtension.appex in Embed Foundation Extensions */ = {isa = PBXBuildFile; fileRef = D3C1A5000000000000000003 /* DeclutterWidgetExtension.appex */; settings = {ATTRIBUTES = (RemoveHeadersOnCopy, ); }; };
/* End PBXBuildFile section */

/* Begin PBXContainerItemProxy section */
		7830F47830662BB6005B9F04 /* PBXContainerItemProxy */ = {
			isa = PBXContainerItemProxy;
			containerPortal = 7830F46230662BB5005B9F04 /* Project object */;
			proxyType = 1;
			remoteGlobalIDString = 7830F46930662BB5005B9F04;
			remoteInfo = Declutter;
		};
		7830F48230662BB6005B9F04 /* PBXContainerItemProxy */ = {
			isa = PBXContainerItemProxy;
			containerPortal = 7830F46230662BB5005B9F04 /* Project object */;
			proxyType = 1;
			remoteGlobalIDString = 7830F46930662BB5005B9F04;
			remoteInfo = Declutter;
		};
		D3C1A500000000000000000B /* PBXContainerItemProxy */ = {
			isa = PBXContainerItemProxy;
			containerPortal = 7830F46230662BB5005B9F04 /* Project object */;
			proxyType = 1;
			remoteGlobalIDString = D3C1A5000000000000000004;
			remoteInfo = DeclutterWidgetExtension;
		};
/* End PBXContainerItemProxy section */

/* Begin PBXCopyFilesBuildPhase section */
		D3C1A500000000000000000D /* Embed Foundation Extensions */ = {
			isa = PBXCopyFilesBuildPhase;
			dstPath = "";
			dstSubfolder = PlugIns;
			files = (
				D3C1A500000000000000000E /* DeclutterWidgetExtension.appex in Embed Foundation Extensions */,
			);
			name = "Embed Foundation Extensions";
		};
/* End PBXCopyFilesBuildPhase section */

/* Begin PBXFileReference section */
		7830F46A30662BB5005B9F04 /* Declutter.app */ = {isa = PBXFileReference; explicitFileType = wrapper.application; includeInIndex = 0; path = Declutter.app; sourceTree = BUILT_PRODUCTS_DIR; };
		7830F47730662BB6005B9F04 /* DeclutterTests.xctest */ = {isa = PBXFileReference; explicitFileType = wrapper.cfbundle; includeInIndex = 0; path = DeclutterTests.xctest; sourceTree = BUILT_PRODUCTS_DIR; };
		7830F48130662BB6005B9F04 /* DeclutterUITests.xctest */ = {isa = PBXFileReference; explicitFileType = wrapper.cfbundle; includeInIndex = 0; path = DeclutterUITests.xctest; sourceTree = BUILT_PRODUCTS_DIR; };
		D3C1A5000000000000000003 /* DeclutterWidgetExtension.appex */ = {isa = PBXFileReference; explicitFileType = "wrapper.app-extension"; includeInIndex = 0; path = DeclutterWidgetExtension.appex; sourceTree = BUILT_PRODUCTS_DIR; };
/* End PBXFileReference section */

/* Begin PBXFileSystemSynchronizedRootGroup section */
		7830F46C30662BB5005B9F04 /* Declutter */ = {
			isa = PBXFileSystemSynchronizedRootGroup;
			path = Declutter;
			sourceTree = "<group>";
		};
		7830F47A30662BB6005B9F04 /* DeclutterTests */ = {
			isa = PBXFileSystemSynchronizedRootGroup;
			path = DeclutterTests;
			sourceTree = "<group>";
		};
		7830F48430662BB6005B9F04 /* DeclutterUITests */ = {
			isa = PBXFileSystemSynchronizedRootGroup;
			path = DeclutterUITests;
			sourceTree = "<group>";
		};
		D3C1A5000000000000000001 /* DeclutterWidget */ = {
			isa = PBXFileSystemSynchronizedRootGroup;
			path = DeclutterWidget;
			sourceTree = "<group>";
		};
		D3C1A5000000000000000002 /* Shared */ = {
			isa = PBXFileSystemSynchronizedRootGroup;
			path = Shared;
			sourceTree = "<group>";
		};
/* End PBXFileSystemSynchronizedRootGroup section */

/* Begin PBXFrameworksBuildPhase section */
		7830F46730662BB5005B9F04 /* Frameworks */ = {
			isa = PBXFrameworksBuildPhase;
			files = (
			);
		};
		7830F47430662BB6005B9F04 /* Frameworks */ = {
			isa = PBXFrameworksBuildPhase;
			files = (
			);
		};
		7830F47E30662BB6005B9F04 /* Frameworks */ = {
			isa = PBXFrameworksBuildPhase;
			files = (
			);
		};
		D3C1A5000000000000000006 /* Frameworks */ = {
			isa = PBXFrameworksBuildPhase;
			files = (
			);
		};
/* End PBXFrameworksBuildPhase section */

/* Begin PBXGroup section */
		7830F46130662BB5005B9F04 = {
			isa = PBXGroup;
			children = (
				7830F46C30662BB5005B9F04 /* Declutter */,
				D3C1A5000000000000000002 /* Shared */,
				D3C1A5000000000000000001 /* DeclutterWidget */,
				7830F47A30662BB6005B9F04 /* DeclutterTests */,
				7830F48430662BB6005B9F04 /* DeclutterUITests */,
				7830F46B30662BB5005B9F04 /* Products */,
			);
			sourceTree = "<group>";
		};
		7830F46B30662BB5005B9F04 /* Products */ = {
			isa = PBXGroup;
			children = (
				7830F46A30662BB5005B9F04 /* Declutter.app */,
				7830F47730662BB6005B9F04 /* DeclutterTests.xctest */,
				7830F48130662BB6005B9F04 /* DeclutterUITests.xctest */,
				D3C1A5000000000000000003 /* DeclutterWidgetExtension.appex */,
			);
			name = Products;
			sourceTree = "<group>";
		};
/* End PBXGroup section */

/* Begin PBXNativeTarget section */
		7830F46930662BB5005B9F04 /* Declutter */ = {
			isa = PBXNativeTarget;
			buildConfigurationList = 7830F48930662BB6005B9F04 /* Build configuration list for PBXNativeTarget "Declutter" */;
			buildPhases = (
				7830F46630662BB5005B9F04 /* Sources */,
				7830F46730662BB5005B9F04 /* Frameworks */,
				7830F46830662BB5005B9F04 /* Resources */,
				D3C1A500000000000000000D /* Embed Foundation Extensions */,
			);
			buildRules = (
			);
			dependencies = (
				D3C1A500000000000000000C /* PBXTargetDependency */,
			);
			fileSystemSynchronizedGroups = (
				7830F46C30662BB5005B9F04 /* Declutter */,
				D3C1A5000000000000000002 /* Shared */,
			);
			name = Declutter;
			productName = Declutter;
			productReference = 7830F46A30662BB5005B9F04 /* Declutter.app */;
			productType = "com.apple.product-type.application";
		};
		7830F47630662BB6005B9F04 /* DeclutterTests */ = {
			isa = PBXNativeTarget;
			buildConfigurationList = 7830F48C30662BB6005B9F04 /* Build configuration list for PBXNativeTarget "DeclutterTests" */;
			buildPhases = (
				7830F47330662BB6005B9F04 /* Sources */,
				7830F47430662BB6005B9F04 /* Frameworks */,
				7830F47530662BB6005B9F04 /* Resources */,
			);
			buildRules = (
			);
			dependencies = (
				7830F47930662BB6005B9F04 /* PBXTargetDependency */,
			);
			fileSystemSynchronizedGroups = (
				7830F47A30662BB6005B9F04 /* DeclutterTests */,
			);
			name = DeclutterTests;
			productName = DeclutterTests;
			productReference = 7830F47730662BB6005B9F04 /* DeclutterTests.xctest */;
			productType = "com.apple.product-type.bundle.unit-test";
		};
		7830F48030662BB6005B9F04 /* DeclutterUITests */ = {
			isa = PBXNativeTarget;
			buildConfigurationList = 7830F48F30662BB6005B9F04 /* Build configuration list for PBXNativeTarget "DeclutterUITests" */;
			buildPhases = (
				7830F47D30662BB6005B9F04 /* Sources */,
				7830F47E30662BB6005B9F04 /* Frameworks */,
				7830F47F30662BB6005B9F04 /* Resources */,
			);
			buildRules = (
			);
			dependencies = (
				7830F48330662BB6005B9F04 /* PBXTargetDependency */,
			);
			fileSystemSynchronizedGroups = (
				7830F48430662BB6005B9F04 /* DeclutterUITests */,
			);
			name = DeclutterUITests;
			productName = DeclutterUITests;
			productReference = 7830F48130662BB6005B9F04 /* DeclutterUITests.xctest */;
			productType = "com.apple.product-type.bundle.ui-testing";
		};
		D3C1A5000000000000000004 /* DeclutterWidgetExtension */ = {
			isa = PBXNativeTarget;
			buildConfigurationList = D3C1A5000000000000000008 /* Build configuration list for PBXNativeTarget "DeclutterWidgetExtension" */;
			buildPhases = (
				D3C1A5000000000000000005 /* Sources */,
				D3C1A5000000000000000006 /* Frameworks */,
				D3C1A5000000000000000007 /* Resources */,
			);
			buildRules = (
			);
			fileSystemSynchronizedGroups = (
				D3C1A5000000000000000001 /* DeclutterWidget */,
				D3C1A5000000000000000002 /* Shared */,
			);
			name = DeclutterWidgetExtension;
			productName = DeclutterWidgetExtension;
			productReference = D3C1A5000000000000000003 /* DeclutterWidgetExtension.appex */;
			productType = "com.apple.product-type.app-extension";
		};
/* End PBXNativeTarget section */

/* Begin PBXProject section */
		7830F46230662BB5005B9F04 /* Project object */ = {
			isa = PBXProject;
			attributes = {
				BuildIndependentTargetsInParallel = 1;
				LastSwiftUpdateCheck = 2700;
				LastUpgradeCheck = 2700;
				TargetAttributes = {
					7830F46930662BB5005B9F04 = {
						CreatedOnToolsVersion = 27.0;
					};
					7830F47630662BB6005B9F04 = {
						CreatedOnToolsVersion = 27.0;
						TestTargetID = 7830F46930662BB5005B9F04;
					};
					7830F48030662BB6005B9F04 = {
						CreatedOnToolsVersion = 27.0;
						TestTargetID = 7830F46930662BB5005B9F04;
					};
					D3C1A5000000000000000004 = {
						CreatedOnToolsVersion = 27.0;
					};
				};
			};
			buildConfigurationList = 7830F46530662BB5005B9F04 /* Build configuration list for PBXProject "Declutter" */;
			developmentRegion = en;
			hasScannedForEncodings = 0;
			knownRegions = (
				en,
				Base,
			);
			mainGroup = 7830F46130662BB5005B9F04;
			minimizedProjectReferenceProxies = 1;
			preferredProjectObjectVersion = 77;
			productRefGroup = 7830F46B30662BB5005B9F04 /* Products */;
			projectDirPath = "";
			projectRoot = "";
			targets = (
				7830F46930662BB5005B9F04 /* Declutter */,
				7830F47630662BB6005B9F04 /* DeclutterTests */,
				7830F48030662BB6005B9F04 /* DeclutterUITests */,
				D3C1A5000000000000000004 /* DeclutterWidgetExtension */,
			);
		};
/* End PBXProject section */

/* Begin PBXResourcesBuildPhase section */
		7830F46830662BB5005B9F04 /* Resources */ = {
			isa = PBXResourcesBuildPhase;
			files = (
			);
		};
		7830F47530662BB6005B9F04 /* Resources */ = {
			isa = PBXResourcesBuildPhase;
			files = (
			);
		};
		7830F47F30662BB6005B9F04 /* Resources */ = {
			isa = PBXResourcesBuildPhase;
			files = (
			);
		};
		D3C1A5000000000000000007 /* Resources */ = {
			isa = PBXResourcesBuildPhase;
			files = (
			);
		};
/* End PBXResourcesBuildPhase section */

/* Begin PBXSourcesBuildPhase section */
		7830F46630662BB5005B9F04 /* Sources */ = {
			isa = PBXSourcesBuildPhase;
			files = (
			);
		};
		7830F47330662BB6005B9F04 /* Sources */ = {
			isa = PBXSourcesBuildPhase;
			files = (
			);
		};
		7830F47D30662BB6005B9F04 /* Sources */ = {
			isa = PBXSourcesBuildPhase;
			files = (
			);
		};
		D3C1A5000000000000000005 /* Sources */ = {
			isa = PBXSourcesBuildPhase;
			files = (
			);
		};
/* End PBXSourcesBuildPhase section */

/* Begin PBXTargetDependency section */
		7830F47930662BB6005B9F04 /* PBXTargetDependency */ = {
			isa = PBXTargetDependency;
			target = 7830F46930662BB5005B9F04 /* Declutter */;
			targetProxy = 7830F47830662BB6005B9F04 /* PBXContainerItemProxy */;
		};
		7830F48330662BB6005B9F04 /* PBXTargetDependency */ = {
			isa = PBXTargetDependency;
			target = 7830F46930662BB5005B9F04 /* Declutter */;
			targetProxy = 7830F48230662BB6005B9F04 /* PBXContainerItemProxy */;
		};
		D3C1A500000000000000000C /* PBXTargetDependency */ = {
			isa = PBXTargetDependency;
			target = D3C1A5000000000000000004 /* DeclutterWidgetExtension */;
			targetProxy = D3C1A500000000000000000B /* PBXContainerItemProxy */;
		};
/* End PBXTargetDependency section */

/* Begin XCBuildConfiguration section */
		7830F48730662BB6005B9F04 /* Debug configuration for PBXProject "Declutter" */ = {
			isa = XCBuildConfiguration;
			buildSettings = {
				ALWAYS_SEARCH_USER_PATHS = NO;
				ASSETCATALOG_COMPILER_GENERATE_SWIFT_ASSET_SYMBOL_EXTENSIONS = YES;
				CLANG_ANALYZER_NONNULL = YES;
				CLANG_ANALYZER_NUMBER_OBJECT_CONVERSION = YES_AGGRESSIVE;
				CLANG_CXX_LANGUAGE_STANDARD = "gnu++20";
				CLANG_ENABLE_MODULES = YES;
				CLANG_ENABLE_OBJC_ARC = YES;
				CLANG_ENABLE_OBJC_WEAK = YES;
				CLANG_WARN_BLOCK_CAPTURE_AUTORELEASING = YES;
				CLANG_WARN_BOOL_CONVERSION = YES;
				CLANG_WARN_COMMA = YES;
				CLANG_WARN_CONSTANT_CONVERSION = YES;
				CLANG_WARN_DEPRECATED_OBJC_IMPLEMENTATIONS = YES;
				CLANG_WARN_DIRECT_OBJC_ISA_USAGE = YES_ERROR;
				CLANG_WARN_DOCUMENTATION_COMMENTS = YES;
				CLANG_WARN_EMPTY_BODY = YES;
				CLANG_WARN_ENUM_CONVERSION = YES;
				CLANG_WARN_INFINITE_RECURSION = YES;
				CLANG_WARN_INT_CONVERSION = YES;
				CLANG_WARN_NON_LITERAL_NULL_CONVERSION = YES;
				CLANG_WARN_OBJC_IMPLICIT_RETAIN_SELF = YES;
				CLANG_WARN_OBJC_LITERAL_CONVERSION = YES;
				CLANG_WARN_OBJC_ROOT_CLASS = YES_ERROR;
				CLANG_WARN_QUOTED_INCLUDE_IN_FRAMEWORK_HEADER = YES;
				CLANG_WARN_RANGE_LOOP_ANALYSIS = YES;
				CLANG_WARN_STRICT_PROTOTYPES = YES;
				CLANG_WARN_SUSPICIOUS_MOVE = YES;
				CLANG_WARN_UNGUARDED_AVAILABILITY = YES_AGGRESSIVE;
				CLANG_WARN_UNREACHABLE_CODE = YES;
				CLANG_WARN__DUPLICATE_METHOD_MATCH = YES;
				COPY_PHASE_STRIP = NO;
				DEBUG_INFORMATION_FORMAT = dwarf;
				DEVELOPMENT_TEAM = 42WTT38563;
				ENABLE_STRICT_OBJC_MSGSEND = YES;
				ENABLE_TESTABILITY = YES;
				ENABLE_USER_SCRIPT_SANDBOXING = YES;
				GCC_C_LANGUAGE_STANDARD = gnu17;
				GCC_DYNAMIC_NO_PIC = NO;
				GCC_NO_COMMON_BLOCKS = YES;
				GCC_OPTIMIZATION_LEVEL = 0;
				GCC_PREPROCESSOR_DEFINITIONS = (
					"DEBUG=1",
					"$(inherited)",
				);
				GCC_WARN_64_TO_32_BIT_CONVERSION = YES;
				GCC_WARN_ABOUT_RETURN_TYPE = YES_ERROR;
				GCC_WARN_UNDECLARED_SELECTOR = YES;
				GCC_WARN_UNINITIALIZED_AUTOS = YES_AGGRESSIVE;
				GCC_WARN_UNUSED_FUNCTION = YES;
				GCC_WARN_UNUSED_VARIABLE = YES;
				LOCALIZATION_PREFERS_STRING_CATALOGS = YES;
				MTL_ENABLE_DEBUG_INFO = INCLUDE_SOURCE;
				MTL_FAST_MATH = YES;
				ONLY_ACTIVE_ARCH = YES;
				SWIFT_ACTIVE_COMPILATION_CONDITIONS = "DEBUG $(inherited)";
				SWIFT_OPTIMIZATION_LEVEL = "-Onone";
			};
			name = Debug;
		};
		7830F48830662BB6005B9F04 /* Release configuration for PBXProject "Declutter" */ = {
			isa = XCBuildConfiguration;
			buildSettings = {
				ALWAYS_SEARCH_USER_PATHS = NO;
				ASSETCATALOG_COMPILER_GENERATE_SWIFT_ASSET_SYMBOL_EXTENSIONS = YES;
				CLANG_ANALYZER_NONNULL = YES;
				CLANG_ANALYZER_NUMBER_OBJECT_CONVERSION = YES_AGGRESSIVE;
				CLANG_CXX_LANGUAGE_STANDARD = "gnu++20";
				CLANG_ENABLE_MODULES = YES;
				CLANG_ENABLE_OBJC_ARC = YES;
				CLANG_ENABLE_OBJC_WEAK = YES;
				CLANG_WARN_BLOCK_CAPTURE_AUTORELEASING = YES;
				CLANG_WARN_BOOL_CONVERSION = YES;
				CLANG_WARN_COMMA = YES;
				CLANG_WARN_CONSTANT_CONVERSION = YES;
				CLANG_WARN_DEPRECATED_OBJC_IMPLEMENTATIONS = YES;
				CLANG_WARN_DIRECT_OBJC_ISA_USAGE = YES_ERROR;
				CLANG_WARN_DOCUMENTATION_COMMENTS = YES;
				CLANG_WARN_EMPTY_BODY = YES;
				CLANG_WARN_ENUM_CONVERSION = YES;
				CLANG_WARN_INFINITE_RECURSION = YES;
				CLANG_WARN_INT_CONVERSION = YES;
				CLANG_WARN_NON_LITERAL_NULL_CONVERSION = YES;
				CLANG_WARN_OBJC_IMPLICIT_RETAIN_SELF = YES;
				CLANG_WARN_OBJC_LITERAL_CONVERSION = YES;
				CLANG_WARN_OBJC_ROOT_CLASS = YES_ERROR;
				CLANG_WARN_QUOTED_INCLUDE_IN_FRAMEWORK_HEADER = YES;
				CLANG_WARN_RANGE_LOOP_ANALYSIS = YES;
				CLANG_WARN_STRICT_PROTOTYPES = YES;
				CLANG_WARN_SUSPICIOUS_MOVE = YES;
				CLANG_WARN_UNGUARDED_AVAILABILITY = YES_AGGRESSIVE;
				CLANG_WARN_UNREACHABLE_CODE = YES;
				CLANG_WARN__DUPLICATE_METHOD_MATCH = YES;
				COPY_PHASE_STRIP = NO;
				DEBUG_INFORMATION_FORMAT = "dwarf-with-dsym";
				DEVELOPMENT_TEAM = 42WTT38563;
				ENABLE_NS_ASSERTIONS = NO;
				ENABLE_STRICT_OBJC_MSGSEND = YES;
				ENABLE_USER_SCRIPT_SANDBOXING = YES;
				GCC_C_LANGUAGE_STANDARD = gnu17;
				GCC_NO_COMMON_BLOCKS = YES;
				GCC_WARN_64_TO_32_BIT_CONVERSION = YES;
				GCC_WARN_ABOUT_RETURN_TYPE = YES_ERROR;
				GCC_WARN_UNDECLARED_SELECTOR = YES;
				GCC_WARN_UNINITIALIZED_AUTOS = YES_AGGRESSIVE;
				GCC_WARN_UNUSED_FUNCTION = YES;
				GCC_WARN_UNUSED_VARIABLE = YES;
				LOCALIZATION_PREFERS_STRING_CATALOGS = YES;
				MTL_ENABLE_DEBUG_INFO = NO;
				MTL_FAST_MATH = YES;
				SWIFT_COMPILATION_MODE = wholemodule;
			};
			name = Release;
		};
		7830F48A30662BB6005B9F04 /* Debug configuration for PBXNativeTarget "Declutter" */ = {
			isa = XCBuildConfiguration;
			buildSettings = {
				ASSETCATALOG_COMPILER_APPICON_NAME = AppIcon;
				ASSETCATALOG_COMPILER_GLOBAL_ACCENT_COLOR_NAME = AccentColor;
				CODE_SIGN_STYLE = Automatic;
				CURRENT_PROJECT_VERSION = 1;
				DEVELOPMENT_TEAM = 42WTT38563;
				ENABLE_APP_SANDBOX = YES;
				ENABLE_DEBUG_DYLIB = NO;
				ENABLE_HARDENED_RUNTIME = YES;
				ENABLE_PREVIEWS = YES;
				ENABLE_USER_SELECTED_FILES = readonly;
				GENERATE_INFOPLIST_FILE = YES;
				INFOPLIST_FILE = "Declutter-Info.plist";
				INFOPLIST_KEY_CFBundleDisplayName = Declutter;
				INFOPLIST_KEY_LSApplicationCategoryType = "public.app-category.utilities";
				INFOPLIST_KEY_NSContactsUsageDescription = "Declutter checks your contacts on this iPhone to find duplicates you can merge or remove. Your contacts never leave your device.";
				INFOPLIST_KEY_NSFaceIDUsageDescription = "Declutter uses Face ID to unlock your private vault, so only you can see the photos in it.";
				INFOPLIST_KEY_NSPhotoLibraryUsageDescription = "Declutter scans your photos and videos on this iPhone to find screenshots, large videos and similar shots you may want to remove. Nothing is uploaded and nothing is deleted without your approval.";
				INFOPLIST_KEY_UIApplicationSceneManifest_Generation = YES;
				"INFOPLIST_KEY_UIApplicationSceneManifest_Generation[sdk=iphoneos*]" = YES;
				"INFOPLIST_KEY_UIApplicationSceneManifest_Generation[sdk=iphonesimulator*]" = YES;
				INFOPLIST_KEY_UIApplicationSupportsIndirectInputEvents = YES;
				"INFOPLIST_KEY_UIApplicationSupportsIndirectInputEvents[sdk=iphoneos*]" = YES;
				"INFOPLIST_KEY_UIApplicationSupportsIndirectInputEvents[sdk=iphonesimulator*]" = YES;
				INFOPLIST_KEY_UIStatusBarStyle = UIStatusBarStyleDefault;
				"INFOPLIST_KEY_UIStatusBarStyle[sdk=iphoneos*]" = UIStatusBarStyleDefault;
				"INFOPLIST_KEY_UIStatusBarStyle[sdk=iphonesimulator*]" = UIStatusBarStyleDefault;
				INFOPLIST_KEY_UISupportedInterfaceOrientations_iPad = "UIInterfaceOrientationPortrait UIInterfaceOrientationPortraitUpsideDown UIInterfaceOrientationLandscapeLeft UIInterfaceOrientationLandscapeRight";
				INFOPLIST_KEY_UISupportedInterfaceOrientations_iPhone = UIInterfaceOrientationPortrait;
				IPHONEOS_DEPLOYMENT_TARGET = 17.0;
				LD_RUNPATH_SEARCH_PATHS = "@executable_path/Frameworks";
				"LD_RUNPATH_SEARCH_PATHS[sdk=macosx*]" = "@executable_path/../Frameworks";
				MACOSX_DEPLOYMENT_TARGET = 27.0;
				MARKETING_VERSION = 1.0;
				PRODUCT_BUNDLE_IDENTIFIER = com.dhruv.Declutter;
				PRODUCT_NAME = "$(TARGET_NAME)";
				REGISTER_APP_GROUPS = YES;
				SDKROOT = iphoneos;
				STRING_CATALOG_GENERATE_SYMBOLS = YES;
				SUPPORTED_PLATFORMS = "iphoneos iphonesimulator";
				SUPPORTS_MACCATALYST = NO;
				SUPPORTS_MAC_DESIGNED_FOR_IPHONE_IPAD = NO;
				SUPPORTS_XR_DESIGNED_FOR_IPHONE_IPAD = NO;
				SWIFT_APPROACHABLE_CONCURRENCY = YES;
				SWIFT_DEFAULT_ACTOR_ISOLATION = MainActor;
				SWIFT_EMIT_LOC_STRINGS = YES;
				SWIFT_UPCOMING_FEATURE_MEMBER_IMPORT_VISIBILITY = YES;
				SWIFT_VERSION = 5.0;
				TARGETED_DEVICE_FAMILY = 1;
				XROS_DEPLOYMENT_TARGET = 27.0;
			};
			name = Debug;
		};
		7830F48B30662BB6005B9F04 /* Release configuration for PBXNativeTarget "Declutter" */ = {
			isa = XCBuildConfiguration;
			buildSettings = {
				ASSETCATALOG_COMPILER_APPICON_NAME = AppIcon;
				ASSETCATALOG_COMPILER_GLOBAL_ACCENT_COLOR_NAME = AccentColor;
				CODE_SIGN_STYLE = Automatic;
				CURRENT_PROJECT_VERSION = 1;
				DEVELOPMENT_TEAM = 42WTT38563;
				ENABLE_APP_SANDBOX = YES;
				ENABLE_DEBUG_DYLIB = NO;
				ENABLE_HARDENED_RUNTIME = YES;
				ENABLE_PREVIEWS = YES;
				ENABLE_USER_SELECTED_FILES = readonly;
				GENERATE_INFOPLIST_FILE = YES;
				INFOPLIST_FILE = "Declutter-Info.plist";
				INFOPLIST_KEY_CFBundleDisplayName = Declutter;
				INFOPLIST_KEY_LSApplicationCategoryType = "public.app-category.utilities";
				INFOPLIST_KEY_NSContactsUsageDescription = "Declutter checks your contacts on this iPhone to find duplicates you can merge or remove. Your contacts never leave your device.";
				INFOPLIST_KEY_NSFaceIDUsageDescription = "Declutter uses Face ID to unlock your private vault, so only you can see the photos in it.";
				INFOPLIST_KEY_NSPhotoLibraryUsageDescription = "Declutter scans your photos and videos on this iPhone to find screenshots, large videos and similar shots you may want to remove. Nothing is uploaded and nothing is deleted without your approval.";
				INFOPLIST_KEY_UIApplicationSceneManifest_Generation = YES;
				"INFOPLIST_KEY_UIApplicationSceneManifest_Generation[sdk=iphoneos*]" = YES;
				"INFOPLIST_KEY_UIApplicationSceneManifest_Generation[sdk=iphonesimulator*]" = YES;
				INFOPLIST_KEY_UIApplicationSupportsIndirectInputEvents = YES;
				"INFOPLIST_KEY_UIApplicationSupportsIndirectInputEvents[sdk=iphoneos*]" = YES;
				"INFOPLIST_KEY_UIApplicationSupportsIndirectInputEvents[sdk=iphonesimulator*]" = YES;
				INFOPLIST_KEY_UIStatusBarStyle = UIStatusBarStyleDefault;
				"INFOPLIST_KEY_UIStatusBarStyle[sdk=iphoneos*]" = UIStatusBarStyleDefault;
				"INFOPLIST_KEY_UIStatusBarStyle[sdk=iphonesimulator*]" = UIStatusBarStyleDefault;
				INFOPLIST_KEY_UISupportedInterfaceOrientations_iPad = "UIInterfaceOrientationPortrait UIInterfaceOrientationPortraitUpsideDown UIInterfaceOrientationLandscapeLeft UIInterfaceOrientationLandscapeRight";
				INFOPLIST_KEY_UISupportedInterfaceOrientations_iPhone = UIInterfaceOrientationPortrait;
				IPHONEOS_DEPLOYMENT_TARGET = 17.0;
				LD_RUNPATH_SEARCH_PATHS = "@executable_path/Frameworks";
				"LD_RUNPATH_SEARCH_PATHS[sdk=macosx*]" = "@executable_path/../Frameworks";
				MACOSX_DEPLOYMENT_TARGET = 27.0;
				MARKETING_VERSION = 1.0;
				PRODUCT_BUNDLE_IDENTIFIER = com.dhruv.Declutter;
				PRODUCT_NAME = "$(TARGET_NAME)";
				REGISTER_APP_GROUPS = YES;
				SDKROOT = iphoneos;
				STRING_CATALOG_GENERATE_SYMBOLS = YES;
				SUPPORTED_PLATFORMS = "iphoneos iphonesimulator";
				SUPPORTS_MACCATALYST = NO;
				SUPPORTS_MAC_DESIGNED_FOR_IPHONE_IPAD = NO;
				SUPPORTS_XR_DESIGNED_FOR_IPHONE_IPAD = NO;
				SWIFT_APPROACHABLE_CONCURRENCY = YES;
				SWIFT_DEFAULT_ACTOR_ISOLATION = MainActor;
				SWIFT_EMIT_LOC_STRINGS = YES;
				SWIFT_UPCOMING_FEATURE_MEMBER_IMPORT_VISIBILITY = YES;
				SWIFT_VERSION = 5.0;
				TARGETED_DEVICE_FAMILY = 1;
				XROS_DEPLOYMENT_TARGET = 27.0;
			};
			name = Release;
		};
		7830F48D30662BB6005B9F04 /* Debug configuration for PBXNativeTarget "DeclutterTests" */ = {
			isa = XCBuildConfiguration;
			buildSettings = {
				BUNDLE_LOADER = "$(TEST_HOST)";
				CODE_SIGN_STYLE = Automatic;
				CURRENT_PROJECT_VERSION = 1;
				DEVELOPMENT_TEAM = 42WTT38563;
				GENERATE_INFOPLIST_FILE = YES;
				IPHONEOS_DEPLOYMENT_TARGET = 17.0;
				MACOSX_DEPLOYMENT_TARGET = 27.0;
				MARKETING_VERSION = 1.0;
				PRODUCT_BUNDLE_IDENTIFIER = com.dhruv.DeclutterTests;
				PRODUCT_NAME = "$(TARGET_NAME)";
				SDKROOT = iphoneos;
				STRING_CATALOG_GENERATE_SYMBOLS = NO;
				SUPPORTED_PLATFORMS = "iphoneos iphonesimulator";
				SUPPORTS_MACCATALYST = NO;
				SUPPORTS_MAC_DESIGNED_FOR_IPHONE_IPAD = NO;
				SUPPORTS_XR_DESIGNED_FOR_IPHONE_IPAD = NO;
				SWIFT_APPROACHABLE_CONCURRENCY = YES;
				SWIFT_EMIT_LOC_STRINGS = NO;
				SWIFT_UPCOMING_FEATURE_MEMBER_IMPORT_VISIBILITY = YES;
				SWIFT_VERSION = 5.0;
				TARGETED_DEVICE_FAMILY = 1;
				TEST_HOST = "$(BUILT_PRODUCTS_DIR)/Declutter.app/$(BUNDLE_EXECUTABLE_FOLDER_PATH)/Declutter";
				XROS_DEPLOYMENT_TARGET = 27.0;
			};
			name = Debug;
		};
		7830F48E30662BB6005B9F04 /* Release configuration for PBXNativeTarget "DeclutterTests" */ = {
			isa = XCBuildConfiguration;
			buildSettings = {
				BUNDLE_LOADER = "$(TEST_HOST)";
				CODE_SIGN_STYLE = Automatic;
				CURRENT_PROJECT_VERSION = 1;
				DEVELOPMENT_TEAM = 42WTT38563;
				GENERATE_INFOPLIST_FILE = YES;
				IPHONEOS_DEPLOYMENT_TARGET = 17.0;
				MACOSX_DEPLOYMENT_TARGET = 27.0;
				MARKETING_VERSION = 1.0;
				PRODUCT_BUNDLE_IDENTIFIER = com.dhruv.DeclutterTests;
				PRODUCT_NAME = "$(TARGET_NAME)";
				SDKROOT = iphoneos;
				STRING_CATALOG_GENERATE_SYMBOLS = NO;
				SUPPORTED_PLATFORMS = "iphoneos iphonesimulator";
				SUPPORTS_MACCATALYST = NO;
				SUPPORTS_MAC_DESIGNED_FOR_IPHONE_IPAD = NO;
				SUPPORTS_XR_DESIGNED_FOR_IPHONE_IPAD = NO;
				SWIFT_APPROACHABLE_CONCURRENCY = YES;
				SWIFT_EMIT_LOC_STRINGS = NO;
				SWIFT_UPCOMING_FEATURE_MEMBER_IMPORT_VISIBILITY = YES;
				SWIFT_VERSION = 5.0;
				TARGETED_DEVICE_FAMILY = 1;
				TEST_HOST = "$(BUILT_PRODUCTS_DIR)/Declutter.app/$(BUNDLE_EXECUTABLE_FOLDER_PATH)/Declutter";
				XROS_DEPLOYMENT_TARGET = 27.0;
			};
			name = Release;
		};
		7830F49030662BB6005B9F04 /* Debug configuration for PBXNativeTarget "DeclutterUITests" */ = {
			isa = XCBuildConfiguration;
			buildSettings = {
				CODE_SIGN_STYLE = Automatic;
				CURRENT_PROJECT_VERSION = 1;
				DEVELOPMENT_TEAM = 42WTT38563;
				GENERATE_INFOPLIST_FILE = YES;
				IPHONEOS_DEPLOYMENT_TARGET = 17.0;
				MACOSX_DEPLOYMENT_TARGET = 27.0;
				MARKETING_VERSION = 1.0;
				PRODUCT_BUNDLE_IDENTIFIER = com.dhruv.DeclutterUITests;
				PRODUCT_NAME = "$(TARGET_NAME)";
				SDKROOT = iphoneos;
				STRING_CATALOG_GENERATE_SYMBOLS = NO;
				SUPPORTED_PLATFORMS = "iphoneos iphonesimulator";
				SUPPORTS_MACCATALYST = NO;
				SUPPORTS_MAC_DESIGNED_FOR_IPHONE_IPAD = NO;
				SUPPORTS_XR_DESIGNED_FOR_IPHONE_IPAD = NO;
				SWIFT_APPROACHABLE_CONCURRENCY = YES;
				SWIFT_EMIT_LOC_STRINGS = NO;
				SWIFT_UPCOMING_FEATURE_MEMBER_IMPORT_VISIBILITY = YES;
				SWIFT_VERSION = 5.0;
				TARGETED_DEVICE_FAMILY = 1;
				TEST_TARGET_NAME = Declutter;
				XROS_DEPLOYMENT_TARGET = 27.0;
			};
			name = Debug;
		};
		7830F49130662BB6005B9F04 /* Release configuration for PBXNativeTarget "DeclutterUITests" */ = {
			isa = XCBuildConfiguration;
			buildSettings = {
				CODE_SIGN_STYLE = Automatic;
				CURRENT_PROJECT_VERSION = 1;
				DEVELOPMENT_TEAM = 42WTT38563;
				GENERATE_INFOPLIST_FILE = YES;
				IPHONEOS_DEPLOYMENT_TARGET = 17.0;
				MACOSX_DEPLOYMENT_TARGET = 27.0;
				MARKETING_VERSION = 1.0;
				PRODUCT_BUNDLE_IDENTIFIER = com.dhruv.DeclutterUITests;
				PRODUCT_NAME = "$(TARGET_NAME)";
				SDKROOT = iphoneos;
				STRING_CATALOG_GENERATE_SYMBOLS = NO;
				SUPPORTED_PLATFORMS = "iphoneos iphonesimulator";
				SUPPORTS_MACCATALYST = NO;
				SUPPORTS_MAC_DESIGNED_FOR_IPHONE_IPAD = NO;
				SUPPORTS_XR_DESIGNED_FOR_IPHONE_IPAD = NO;
				SWIFT_APPROACHABLE_CONCURRENCY = YES;
				SWIFT_EMIT_LOC_STRINGS = NO;
				SWIFT_UPCOMING_FEATURE_MEMBER_IMPORT_VISIBILITY = YES;
				SWIFT_VERSION = 5.0;
				TARGETED_DEVICE_FAMILY = 1;
				TEST_TARGET_NAME = Declutter;
				XROS_DEPLOYMENT_TARGET = 27.0;
			};
			name = Release;
		};
		D3C1A5000000000000000009 /* Debug configuration for PBXNativeTarget "DeclutterWidgetExtension" */ = {
			isa = XCBuildConfiguration;
			buildSettings = {
				APPLICATION_EXTENSION_API_ONLY = YES;
				CODE_SIGN_STYLE = Automatic;
				CURRENT_PROJECT_VERSION = 1;
				DEVELOPMENT_TEAM = 42WTT38563;
				GENERATE_INFOPLIST_FILE = YES;
				INFOPLIST_FILE = "DeclutterWidget-Info.plist";
				INFOPLIST_KEY_CFBundleDisplayName = Declutter;
				INFOPLIST_KEY_NSHumanReadableCopyright = "";
				IPHONEOS_DEPLOYMENT_TARGET = 17.0;
				LD_RUNPATH_SEARCH_PATHS = (
					"$(inherited)",
					"@executable_path/Frameworks",
					"@executable_path/../../Frameworks",
				);
				MARKETING_VERSION = 1.0;
				PRODUCT_BUNDLE_IDENTIFIER = com.dhruv.Declutter.DeclutterWidget;
				PRODUCT_NAME = "$(TARGET_NAME)";
				SDKROOT = iphoneos;
				SKIP_INSTALL = YES;
				STRING_CATALOG_GENERATE_SYMBOLS = YES;
				SUPPORTED_PLATFORMS = "iphoneos iphonesimulator";
				SUPPORTS_MACCATALYST = NO;
				SWIFT_APPROACHABLE_CONCURRENCY = YES;
				SWIFT_EMIT_LOC_STRINGS = YES;
				SWIFT_UPCOMING_FEATURE_MEMBER_IMPORT_VISIBILITY = YES;
				SWIFT_VERSION = 5.0;
				TARGETED_DEVICE_FAMILY = 1;
			};
			name = Debug;
		};
		D3C1A500000000000000000A /* Release configuration for PBXNativeTarget "DeclutterWidgetExtension" */ = {
			isa = XCBuildConfiguration;
			buildSettings = {
				APPLICATION_EXTENSION_API_ONLY = YES;
				CODE_SIGN_STYLE = Automatic;
				CURRENT_PROJECT_VERSION = 1;
				DEVELOPMENT_TEAM = 42WTT38563;
				GENERATE_INFOPLIST_FILE = YES;
				INFOPLIST_FILE = "DeclutterWidget-Info.plist";
				INFOPLIST_KEY_CFBundleDisplayName = Declutter;
				INFOPLIST_KEY_NSHumanReadableCopyright = "";
				IPHONEOS_DEPLOYMENT_TARGET = 17.0;
				LD_RUNPATH_SEARCH_PATHS = (
					"$(inherited)",
					"@executable_path/Frameworks",
					"@executable_path/../../Frameworks",
				);
				MARKETING_VERSION = 1.0;
				PRODUCT_BUNDLE_IDENTIFIER = com.dhruv.Declutter.DeclutterWidget;
				PRODUCT_NAME = "$(TARGET_NAME)";
				SDKROOT = iphoneos;
				SKIP_INSTALL = YES;
				STRING_CATALOG_GENERATE_SYMBOLS = YES;
				SUPPORTED_PLATFORMS = "iphoneos iphonesimulator";
				SUPPORTS_MACCATALYST = NO;
				SWIFT_APPROACHABLE_CONCURRENCY = YES;
				SWIFT_EMIT_LOC_STRINGS = YES;
				SWIFT_UPCOMING_FEATURE_MEMBER_IMPORT_VISIBILITY = YES;
				SWIFT_VERSION = 5.0;
				TARGETED_DEVICE_FAMILY = 1;
			};
			name = Release;
		};
/* End XCBuildConfiguration section */

/* Begin XCConfigurationList section */
		7830F46530662BB5005B9F04 /* Build configuration list for PBXProject "Declutter" */ = {
			isa = XCConfigurationList;
			buildConfigurations = (
				7830F48730662BB6005B9F04 /* Debug configuration for PBXProject "Declutter" */,
				7830F48830662BB6005B9F04 /* Release configuration for PBXProject "Declutter" */,
			);
			defaultConfigurationName = Release;
		};
		7830F48930662BB6005B9F04 /* Build configuration list for PBXNativeTarget "Declutter" */ = {
			isa = XCConfigurationList;
			buildConfigurations = (
				7830F48A30662BB6005B9F04 /* Debug configuration for PBXNativeTarget "Declutter" */,
				7830F48B30662BB6005B9F04 /* Release configuration for PBXNativeTarget "Declutter" */,
			);
			defaultConfigurationName = Release;
		};
		7830F48C30662BB6005B9F04 /* Build configuration list for PBXNativeTarget "DeclutterTests" */ = {
			isa = XCConfigurationList;
			buildConfigurations = (
				7830F48D30662BB6005B9F04 /* Debug configuration for PBXNativeTarget "DeclutterTests" */,
				7830F48E30662BB6005B9F04 /* Release configuration for PBXNativeTarget "DeclutterTests" */,
			);
			defaultConfigurationName = Release;
		};
		7830F48F30662BB6005B9F04 /* Build configuration list for PBXNativeTarget "DeclutterUITests" */ = {
			isa = XCConfigurationList;
			buildConfigurations = (
				7830F49030662BB6005B9F04 /* Debug configuration for PBXNativeTarget "DeclutterUITests" */,
				7830F49130662BB6005B9F04 /* Release configuration for PBXNativeTarget "DeclutterUITests" */,
			);
			defaultConfigurationName = Release;
		};
		D3C1A5000000000000000008 /* Build configuration list for PBXNativeTarget "DeclutterWidgetExtension" */ = {
			isa = XCConfigurationList;
			buildConfigurations = (
				D3C1A5000000000000000009 /* Debug configuration for PBXNativeTarget "DeclutterWidgetExtension" */,
				D3C1A500000000000000000A /* Release configuration for PBXNativeTarget "DeclutterWidgetExtension" */,
			);
			defaultConfigurationName = Release;
		};
/* End XCConfigurationList section */
	};
	rootObject = 7830F46230662BB5005B9F04 /* Project object */;
	validationLevel = 1;
}
